
Microsoft Visual Studio Solution File, Format Version 12.00
# Visual Studio Version 17
VisualStudioVersion = 17.1.32421.90
MinimumVisualStudioVersion = 10.0.40219.1
Project("{9A19103F-16F7-4668-BE54-9A1E7A4F7556}") = "Parser", "src\Parser\Parser.csproj", "{11384BE8-C9AD-49FC-AFC9-E0FC30C5C6DB}"
EndProject
Project("{FAE04EC0-301F-11D3-BF4B-00C04F79EFBC}") = "Parser.Tests", "test\Parser.Tests\Parser.Tests.csproj", "{8A4116EC-70DD-4E07-8487-9DCDF26DC757}"
EndProject
Global
	GlobalSection(SolutionConfigurationPlatforms) = preSolution
		Debug|Any CPU = Debug|Any CPU
		Release|Any CPU = Release|Any CPU
	EndGlobalSection
	GlobalSection(ProjectConfigurationPlatforms) = postSolution
		{11384BE8-C9AD-49FC-AFC9-E0FC30C5C6DB}.Debug|Any CPU.ActiveCfg = Debug|Any CPU
		{11384BE8-C9AD-49FC-AFC9-E0FC30C5C6DB}.Debug|Any CPU.Build.0 = Debug|Any CPU
		{11384BE8-C9AD-49FC-AFC9-E0FC30C5C6DB}.Release|Any CPU.ActiveCfg = Release|Any CPU
		{11384BE8-C9AD-49FC-AFC9-E0FC30C5C6DB}.Release|Any CPU.Build.0 = Release|Any CPU
		{8A4116EC-70DD-4E07-8487-9DCDF26DC757}.Debug|Any CPU.ActiveCfg = Debug|Any CPU
		{8A4116EC-70DD-4E07-8487-9DCDF26DC757}.Debug|Any CPU.Build.0 = Debug|Any CPU
		{8A4116EC-70DD-4E07-8487-9DCDF26DC757}.Release|Any CPU.ActiveCfg = Release|Any CPU
		{8A4116EC-70DD-4E07-8487-9DCDF26DC757}.Release|Any CPU.Build.0 = Release|Any CPU
	EndGlobalSection
	GlobalSection(SolutionProperties) = preSolution
		HideSolutionNode = FALSE
	EndGlobalSection
	GlobalSection(ExtensibilityGlobals) = postSolution
		SolutionGuid = {4D88985D-3B63-4131-84FD-419920CA4722}
	EndGlobalSection
EndGlobal
